// !$*UTF8*$!
{
	archiveVersion = 1;
	classes = {
	};
	objectVersion = 48;
	objects = {

/* Begin PBXBuildFile section */
		C33CD52920198C4200BAD39E /* AppDelegate.m in Sources */ = {isa = PBXBuildFile; fileRef = C33CD52820198C4200BAD39E /* AppDelegate.m */; };
		C33CD52C20198C4200BAD39E /* ViewController.m in Sources */ = {isa = PBXBuildFile; fileRef = C33CD52B20198C4200BAD39E /* ViewController.m */; };
		C33CD53120198C4200BAD39E /* Assets.xcassets in Resources */ = {isa = PBXBuildFile; fileRef = C33CD53020198C4200BAD39E /* Assets.xcassets */; };
		C33CD53720198C4200BAD39E /* main.m in Sources */ = {isa = PBXBuildFile; fileRef = C33CD53620198C4200BAD39E /* main.m */; };
		C33CD54120198C4200BAD39E /* PhotoSelectTests.m in Sources */ = {isa = PBXBuildFile; fileRef = C33CD54020198C4200BAD39E /* PhotoSelectTests.m */; };
		C33CD54C20198C4200BAD39E /* PhotoSelectUITests.m in Sources */ = {isa = PBXBuildFile; fileRef = C33CD54B20198C4200BAD39E /* PhotoSelectUITests.m */; };
		C33CD56120198E7700BAD39E /* UINavigationBar+BackgroundColor.m in Sources */ = {isa = PBXBuildFile; fileRef = C33CD55E20198E7700BAD39E /* UINavigationBar+BackgroundColor.m */; };
		C33CD56220198E7700BAD39E /* UIImage+ImageWithColor.m in Sources */ = {isa = PBXBuildFile; fileRef = C33CD55F20198E7700BAD39E /* UIImage+ImageWithColor.m */; };
		C33CD56A2019A6D900BAD39E /* DWAlbumViewController.m in Sources */ = {isa = PBXBuildFile; fileRef = C33CD5692019A6D900BAD39E /* DWAlbumViewController.m */; };
		C33CD56D2019A78700BAD39E /* AlbumTableViewCell.m in Sources */ = {isa = PBXBuildFile; fileRef = C33CD56C2019A78700BAD39E /* AlbumTableViewCell.m */; };
		C33CD5892019ABB400BAD39E /* NSLayoutConstraint+MASDebugAdditions.m in Sources */ = {isa = PBXBuildFile; fileRef = C33CD5702019ABB400BAD39E /* NSLayoutConstraint+MASDebugAdditions.m */; };
		C33CD58A2019ABB400BAD39E /* ViewController+MASAdditions.m in Sources */ = {isa = PBXBuildFile; fileRef = C33CD5792019ABB400BAD39E /* ViewController+MASAdditions.m */; };
		C33CD58B2019ABB400BAD39E /* MASCompositeConstraint.m in Sources */ = {isa = PBXBuildFile; fileRef = C33CD57D2019ABB400BAD39E /* MASCompositeConstraint.m */; };
		C33CD58C2019ABB400BAD39E /* MASConstraintMaker.m in Sources */ = {isa = PBXBuildFile; fileRef = C33CD57E2019ABB400BAD39E /* MASConstraintMaker.m */; };
		C33CD58D2019ABB400BAD39E /* MASLayoutConstraint.m in Sources */ = {isa = PBXBuildFile; fileRef = C33CD57F2019ABB400BAD39E /* MASLayoutConstraint.m */; };
		C33CD58E2019ABB400BAD39E /* NSArray+MASAdditions.m in Sources */ = {isa = PBXBuildFile; fileRef = C33CD5802019ABB400BAD39E /* NSArray+MASAdditions.m */; };
		C33CD58F2019ABB400BAD39E /* View+MASAdditions.m in Sources */ = {isa = PBXBuildFile; fileRef = C33CD5812019ABB400BAD39E /* View+MASAdditions.m */; };
		C33CD5902019ABB400BAD39E /* MASConstraint.m in Sources */ = {isa = PBXBuildFile; fileRef = C33CD5842019ABB400BAD39E /* MASConstraint.m */; };
		C33CD5912019ABB400BAD39E /* MASViewConstraint.m in Sources */ = {isa = PBXBuildFile; fileRef = C33CD5862019ABB400BAD39E /* MASViewConstraint.m */; };
		C33CD5922019ABB400BAD39E /* MASViewAttribute.m in Sources */ = {isa = PBXBuildFile; fileRef = C33CD5872019ABB400BAD39E /* MASViewAttribute.m */; };
		C33CD5932019ABB400BAD39E /* Info.plist in Resources */ = {isa = PBXBuildFile; fileRef = C33CD5882019ABB400BAD39E /* Info.plist */; };
		C33CD5962019B7E100BAD39E /* DWPhotoSelectViewController.m in Sources */ = {isa = PBXBuildFile; fileRef = C33CD5952019B7E100BAD39E /* DWPhotoSelectViewController.m */; };
		C33CD5992019B86A00BAD39E /* PhotoSelectCollectionViewCell.m in Sources */ = {isa = PBXBuildFile; fileRef = C33CD5982019B86A00BAD39E /* PhotoSelectCollectionViewCell.m */; };
		C33CD59C2019BB4A00BAD39E /* UIAlertController+AutoHide.m in Sources */ = {isa = PBXBuildFile; fileRef = C33CD59B2019BB4A00BAD39E /* UIAlertController+AutoHide.m */; };
		C33CD59F2019C61D00BAD39E /* DWPhotoDetailsViewController.m in Sources */ = {isa = PBXBuildFile; fileRef = C33CD59E2019C61D00BAD39E /* DWPhotoDetailsViewController.m */; };
		C33CD5A22019C69700BAD39E /* PhotoSelectCollectionViewFlowLayout.m in Sources */ = {isa = PBXBuildFile; fileRef = C33CD5A12019C69700BAD39E /* PhotoSelectCollectionViewFlowLayout.m */; };
		C33CD5A52019C6E800BAD39E /* PhotoDetailCollectionViewCell.m in Sources */ = {isa = PBXBuildFile; fileRef = C33CD5A32019C6E700BAD39E /* PhotoDetailCollectionViewCell.m */; };
/* End PBXBuildFile section */

/* Begin PBXContainerItemProxy section */
		C33CD53D20198C4200BAD39E /* PBXContainerItemProxy */ = {
			isa = PBXContainerItemProxy;
			containerPortal = C33CD51C20198C4200BAD39E /* Project object */;
			proxyType = 1;
			remoteGlobalIDString = C33CD52320198C4200BAD39E;
			remoteInfo = PhotoSelect;
		};
		C33CD54820198C4200BAD39E /* PBXContainerItemProxy */ = {
			isa = PBXContainerItemProxy;
			containerPortal = C33CD51C20198C4200BAD39E /* Project object */;
			proxyType = 1;
			remoteGlobalIDString = C33CD52320198C4200BAD39E;
			remoteInfo = PhotoSelect;
		};
/* End PBXContainerItemProxy section */

/* Begin PBXFileReference section */
		C33CD52420198C4200BAD39E /* PhotoSelect.app */ = {isa = PBXFileReference; explicitFileType = wrapper.application; includeInIndex = 0; path = PhotoSelect.app; sourceTree = BUILT_PRODUCTS_DIR; };
		C33CD52720198C4200BAD39E /* AppDelegate.h */ = {isa = PBXFileReference; lastKnownFileType = sourcecode.c.h; path = AppDelegate.h; sourceTree = "<group>"; };
		C33CD52820198C4200BAD39E /* AppDelegate.m */ = {isa = PBXFileReference; lastKnownFileType = sourcecode.c.objc; path = AppDelegate.m; sourceTree = "<group>"; };
		C33CD52A20198C4200BAD39E /* ViewController.h */ = {isa = PBXFileReference; lastKnownFileType = sourcecode.c.h; path = ViewController.h; sourceTree = "<group>"; };
		C33CD52B20198C4200BAD39E /* ViewController.m */ = {isa = PBXFileReference; lastKnownFileType = sourcecode.c.objc; path = ViewController.m; sourceTree = "<group>"; };
		C33CD53020198C4200BAD39E /* Assets.xcassets */ = {isa = PBXFileReference; lastKnownFileType = folder.assetcatalog; path = Assets.xcassets; sourceTree = "<group>"; };
		C33CD53520198C4200BAD39E /* Info.plist */ = {isa = PBXFileReference; lastKnownFileType = text.plist.xml; path = Info.plist; sourceTree = "<group>"; };
		C33CD53620198C4200BAD39E /* main.m */ = {isa = PBXFileReference; lastKnownFileType = sourcecode.c.objc; path = main.m; sourceTree = "<group>"; };
		C33CD53C20198C4200BAD39E /* PhotoSelectTests.xctest */ = {isa = PBXFileReference; explicitFileType = wrapper.cfbundle; includeInIndex = 0; path = PhotoSelectTests.xctest; sourceTree = BUILT_PRODUCTS_DIR; };
		C33CD54020198C4200BAD39E /* PhotoSelectTests.m */ = {isa = PBXFileReference; lastKnownFileType = sourcecode.c.objc; path = PhotoSelectTests.m; sourceTree = "<group>"; };
		C33CD54220198C4200BAD39E /* Info.plist */ = {isa = PBXFileReference; lastKnownFileType = text.plist.xml; path = Info.plist; sourceTree = "<group>"; };
		C33CD54720198C4200BAD39E /* PhotoSelectUITests.xctest */ = {isa = PBXFileReference; explicitFileType = wrapper.cfbundle; includeInIndex = 0; path = PhotoSelectUITests.xctest; sourceTree = BUILT_PRODUCTS_DIR; };
		C33CD54B20198C4200BAD39E /* PhotoSelectUITests.m */ = {isa = PBXFileReference; lastKnownFileType = sourcecode.c.objc; path = PhotoSelectUITests.m; sourceTree = "<group>"; };
		C33CD54D20198C4200BAD39E /* Info.plist */ = {isa = PBXFileReference; lastKnownFileType = text.plist.xml; path = Info.plist; sourceTree = "<group>"; };
		C33CD55D20198E7700BAD39E /* UIImage+ImageWithColor.h */ = {isa = PBXFileReference; fileEncoding = 4; lastKnownFileType = sourcecode.c.h; path = "UIImage+ImageWithColor.h"; sourceTree = "<group>"; };
		C33CD55E20198E7700BAD39E /* UINavigationBar+BackgroundColor.m */ = {isa = PBXFileReference; fileEncoding = 4; lastKnownFileType = sourcecode.c.objc; path = "UINavigationBar+BackgroundColor.m"; sourceTree = "<group>"; };
		C33CD55F20198E7700BAD39E /* UIImage+ImageWithColor.m */ = {isa = PBXFileReference; fileEncoding = 4; lastKnownFileType = sourcecode.c.objc; path = "UIImage+ImageWithColor.m"; sourceTree = "<group>"; };
		C33CD56020198E7700BAD39E /* UINavigationBar+BackgroundColor.h */ = {isa = PBXFileReference; fileEncoding = 4; lastKnownFileType = sourcecode.c.h; path = "UINavigationBar+BackgroundColor.h"; sourceTree = "<group>"; };
		C33CD56320198EE400BAD39E /* Constants.h */ = {isa = PBXFileReference; fileEncoding = 4; lastKnownFileType = sourcecode.c.h; path = Constants.h; sourceTree = "<group>"; };
		C33CD56420198F0600BAD39E /* demo_Prefix.pch */ = {isa = PBXFileReference; fileEncoding = 4; lastKnownFileType = sourcecode.c.h; path = demo_Prefix.pch; sourceTree = "<group>"; };
		C33CD5682019A6D900BAD39E /* DWAlbumViewController.h */ = {isa = PBXFileReference; lastKnownFileType = sourcecode.c.h; path = DWAlbumViewController.h; sourceTree = "<group>"; };
		C33CD5692019A6D900BAD39E /* DWAlbumViewController.m */ = {isa = PBXFileReference; lastKnownFileType = sourcecode.c.objc; path = DWAlbumViewController.m; sourceTree = "<group>"; };
		C33CD56B2019A78700BAD39E /* AlbumTableViewCell.h */ = {isa = PBXFileReference; lastKnownFileType = sourcecode.c.h; path = AlbumTableViewCell.h; sourceTree = "<group>"; };
		C33CD56C2019A78700BAD39E /* AlbumTableViewCell.m */ = {isa = PBXFileReference; lastKnownFileType = sourcecode.c.objc; path = AlbumTableViewCell.m; sourceTree = "<group>"; };
		C33CD56F2019ABB400BAD39E /* MASCompositeConstraint.h */ = {isa = PBXFileReference; fileEncoding = 4; lastKnownFileType = sourcecode.c.h; path = MASCompositeConstraint.h; sourceTree = "<group>"; };
		C33CD5702019ABB400BAD39E /* NSLayoutConstraint+MASDebugAdditions.m */ = {isa = PBXFileReference; fileEncoding = 4; lastKnownFileType = sourcecode.c.objc; path = "NSLayoutConstraint+MASDebugAdditions.m"; sourceTree = "<group>"; };
		C33CD5712019ABB400BAD39E /* MASConstraint+Private.h */ = {isa = PBXFileReference; fileEncoding = 4; lastKnownFileType = sourcecode.c.h; path = "MASConstraint+Private.h"; sourceTree = "<group>"; };
		C33CD5722019ABB400BAD39E /* MASLayoutConstraint.h */ = {isa = PBXFileReference; fileEncoding = 4; lastKnownFileType = sourcecode.c.h; path = MASLayoutConstraint.h; sourceTree = "<group>"; };
		C33CD5732019ABB400BAD39E /* NSArray+MASShorthandAdditions.h */ = {isa = PBXFileReference; fileEncoding = 4; lastKnownFileType = sourcecode.c.h; path = "NSArray+MASShorthandAdditions.h"; sourceTree = "<group>"; };
		C33CD5742019ABB400BAD39E /* MASConstraintMaker.h */ = {isa = PBXFileReference; fileEncoding = 4; lastKnownFileType = sourcecode.c.h; path = MASConstraintMaker.h; sourceTree = "<group>"; };
		C33CD5752019ABB400BAD39E /* View+MASAdditions.h */ = {isa = PBXFileReference; fileEncoding = 4; lastKnownFileType = sourcecode.c.h; path = "View+MASAdditions.h"; sourceTree = "<group>"; };
		C33CD5762019ABB400BAD39E /* NSArray+MASAdditions.h */ = {isa = PBXFileReference; fileEncoding = 4; lastKnownFileType = sourcecode.c.h; path = "NSArray+MASAdditions.h"; sourceTree = "<group>"; };
		C33CD5772019ABB400BAD39E /* MASUtilities.h */ = {isa = PBXFileReference; fileEncoding = 4; lastKnownFileType = sourcecode.c.h; path = MASUtilities.h; sourceTree = "<group>"; };
		C33CD5782019ABB400BAD39E /* MASViewAttribute.h */ = {isa = PBXFileReference; fileEncoding = 4; lastKnownFileType = sourcecode.c.h; path = MASViewAttribute.h; sourceTree = "<group>"; };
		C33CD5792019ABB400BAD39E /* ViewController+MASAdditions.m */ = {isa = PBXFileReference; fileEncoding = 4; lastKnownFileType = sourcecode.c.objc; path = "ViewController+MASAdditions.m"; sourceTree = "<group>"; };
		C33CD57A2019ABB400BAD39E /* MASViewConstraint.h */ = {isa = PBXFileReference; fileEncoding = 4; lastKnownFileType = sourcecode.c.h; path = MASViewConstraint.h; sourceTree = "<group>"; };
		C33CD57B2019ABB400BAD39E /* MASConstraint.h */ = {isa = PBXFileReference; fileEncoding = 4; lastKnownFileType = sourcecode.c.h; path = MASConstraint.h; sourceTree = "<group>"; };
		C33CD57C2019ABB400BAD39E /* NSLayoutConstraint+MASDebugAdditions.h */ = {isa = PBXFileReference; fileEncoding = 4; lastKnownFileType = sourcecode.c.h; path = "NSLayoutConstraint+MASDebugAdditions.h"; sourceTree = "<group>"; };
		C33CD57D2019ABB400BAD39E /* MASCompositeConstraint.m */ = {isa = PBXFileReference; fileEncoding = 4; lastKnownFileType = sourcecode.c.objc; path = MASCompositeConstraint.m; sourceTree = "<group>"; };
		C33CD57E2019ABB400BAD39E /* MASConstraintMaker.m */ = {isa = PBXFileReference; fileEncoding = 4; lastKnownFileType = sourcecode.c.objc; path = MASConstraintMaker.m; sourceTree = "<group>"; };
		C33CD57F2019ABB400BAD39E /* MASLayoutConstraint.m */ = {isa = PBXFileReference; fileEncoding = 4; lastKnownFileType = sourcecode.c.objc; path = MASLayoutConstraint.m; sourceTree = "<group>"; };
		C33CD5802019ABB400BAD39E /* NSArray+MASAdditions.m */ = {isa = PBXFileReference; fileEncoding = 4; lastKnownFileType = sourcecode.c.objc; path = "NSArray+MASAdditions.m"; sourceTree = "<group>"; };
		C33CD5812019ABB400BAD39E /* View+MASAdditions.m */ = {isa = PBXFileReference; fileEncoding = 4; lastKnownFileType = sourcecode.c.objc; path = "View+MASAdditions.m"; sourceTree = "<group>"; };
		C33CD5822019ABB400BAD39E /* View+MASShorthandAdditions.h */ = {isa = PBXFileReference; fileEncoding = 4; lastKnownFileType = sourcecode.c.h; path = "View+MASShorthandAdditions.h"; sourceTree = "<group>"; };
		C33CD5832019ABB400BAD39E /* Masonry.h */ = {isa = PBXFileReference; fileEncoding = 4; lastKnownFileType = sourcecode.c.h; path = Masonry.h; sourceTree = "<group>"; };
		C33CD5842019ABB400BAD39E /* MASConstraint.m */ = {isa = PBXFileReference; fileEncoding = 4; lastKnownFileType = sourcecode.c.objc; path = MASConstraint.m; sourceTree = "<group>"; };
		C33CD5852019ABB400BAD39E /* ViewController+MASAdditions.h */ = {isa = PBXFileReference; fileEncoding = 4; lastKnownFileType = sourcecode.c.h; path = "ViewController+MASAdditions.h"; sourceTree = "<group>"; };
		C33CD5862019ABB400BAD39E /* MASViewConstraint.m */ = {isa = PBXFileReference; fileEncoding = 4; lastKnownFileType = sourcecode.c.objc; path = MASViewConstraint.m; sourceTree = "<group>"; };
		C33CD5872019ABB400BAD39E /* MASViewAttribute.m */ = {isa = PBXFileReference; fileEncoding = 4; lastKnownFileType = sourcecode.c.objc; path = MASViewAttribute.m; sourceTree = "<group>"; };
		C33CD5882019ABB400BAD39E /* Info.plist */ = {isa = PBXFileReference; fileEncoding = 4; lastKnownFileType = text.plist.xml; path = Info.plist; sourceTree = "<group>"; };
		C33CD5942019B7E100BAD39E /* DWPhotoSelectViewController.h */ = {isa = PBXFileReference; lastKnownFileType = sourcecode.c.h; path = DWPhotoSelectViewController.h; sourceTree = "<group>"; };
		C33CD5952019B7E100BAD39E /* DWPhotoSelectViewController.m */ = {isa = PBXFileReference; lastKnownFileType = sourcecode.c.objc; path = DWPhotoSelectViewController.m; sourceTree = "<group>"; };
		C33CD5972019B86A00BAD39E /* PhotoSelectCollectionViewCell.h */ = {isa = PBXFileReference; lastKnownFileType = sourcecode.c.h; path = PhotoSelectCollectionViewCell.h; sourceTree = "<group>"; };
		C33CD5982019B86A00BAD39E /* PhotoSelectCollectionViewCell.m */ = {isa = PBXFileReference; lastKnownFileType = sourcecode.c.objc; path = PhotoSelectCollectionViewCell.m; sourceTree = "<group>"; };
		C33CD59A2019BB4900BAD39E /* UIAlertController+AutoHide.h */ = {isa = PBXFileReference; fileEncoding = 4; lastKnownFileType = sourcecode.c.h; path = "UIAlertController+AutoHide.h"; sourceTree = "<group>"; };
		C33CD59B2019BB4A00BAD39E /* UIAlertController+AutoHide.m */ = {isa = PBXFileReference; fileEncoding = 4; lastKnownFileType = sourcecode.c.objc; path = "UIAlertController+AutoHide.m"; sourceTree = "<group>"; };
		C33CD59D2019C61D00BAD39E /* DWPhotoDetailsViewController.h */ = {isa = PBXFileReference; lastKnownFileType = sourcecode.c.h; path = DWPhotoDetailsViewController.h; sourceTree = "<group>"; };
		C33CD59E2019C61D00BAD39E /* DWPhotoDetailsViewController.m */ = {isa = PBXFileReference; lastKnownFileType = sourcecode.c.objc; path = DWPhotoDetailsViewController.m; sourceTree = "<group>"; };
		C33CD5A02019C69600BAD39E /* PhotoSelectCollectionViewFlowLayout.h */ = {isa = PBXFileReference; fileEncoding = 4; lastKnownFileType = sourcecode.c.h; path = PhotoSelectCollectionViewFlowLayout.h; sourceTree = "<group>"; };
		C33CD5A12019C69700BAD39E /* PhotoSelectCollectionViewFlowLayout.m */ = {isa = PBXFileReference; fileEncoding = 4; lastKnownFileType = sourcecode.c.objc; path = PhotoSelectCollectionViewFlowLayout.m; sourceTree = "<group>"; };
		C33CD5A32019C6E700BAD39E /* PhotoDetailCollectionViewCell.m */ = {isa = PBXFileReference; fileEncoding = 4; lastKnownFileType = sourcecode.c.objc; path = PhotoDetailCollectionViewCell.m; sourceTree = "<group>"; };
		C33CD5A42019C6E800BAD39E /* PhotoDetailCollectionViewCell.h */ = {isa = PBXFileReference; fileEncoding = 4; lastKnownFileType = sourcecode.c.h; path = PhotoDetailCollectionViewCell.h; sourceTree = "<group>"; };
/* End PBXFileReference section */

/* Begin PBXFrameworksBuildPhase section */
		C33CD52120198C4200BAD39E /* Frameworks */ = {
			isa = PBXFrameworksBuildPhase;
			buildActionMask = 2147483647;
			files = (
			);
			runOnlyForDeploymentPostprocessing = 0;
		};
		C33CD53920198C4200BAD39E /* Frameworks */ = {
			isa = PBXFrameworksBuildPhase;
			buildActionMask = 2147483647;
			files = (
			);
			runOnlyForDeploymentPostprocessing = 0;
		};
		C33CD54420198C4200BAD39E /* Frameworks */ = {
			isa = PBXFrameworksBuildPhase;
			buildActionMask = 2147483647;
			files = (
			);
			runOnlyForDeploymentPostprocessing = 0;
		};
/* End PBXFrameworksBuildPhase section */

/* Begin PBXGroup section */
		C33CD51B20198C4200BAD39E = {
			isa = PBXGroup;
			children = (
				C33CD52620198C4200BAD39E /* PhotoSelect */,
				C33CD53F20198C4200BAD39E /* PhotoSelectTests */,
				C33CD54A20198C4200BAD39E /* PhotoSelectUITests */,
				C33CD52520198C4200BAD39E /* Products */,
			);
			sourceTree = "<group>";
		};
		C33CD52520198C4200BAD39E /* Products */ = {
			isa = PBXGroup;
			children = (
				C33CD52420198C4200BAD39E /* PhotoSelect.app */,
				C33CD53C20198C4200BAD39E /* PhotoSelectTests.xctest */,
				C33CD54720198C4200BAD39E /* PhotoSelectUITests.xctest */,
			);
			name = Products;
			sourceTree = "<group>";
		};
		C33CD52620198C4200BAD39E /* PhotoSelect */ = {
			isa = PBXGroup;
			children = (
				C33CD52720198C4200BAD39E /* AppDelegate.h */,
				C33CD52820198C4200BAD39E /* AppDelegate.m */,
				C33CD52A20198C4200BAD39E /* ViewController.h */,
				C33CD52B20198C4200BAD39E /* ViewController.m */,
				C33CD5652019A6B200BAD39E /* DWPhotoSelect */,
				C33CD55B20198E7700BAD39E /* Extention */,
				C33CD53020198C4200BAD39E /* Assets.xcassets */,
				C33CD53520198C4200BAD39E /* Info.plist */,
				C33CD53620198C4200BAD39E /* main.m */,
				C33CD56420198F0600BAD39E /* demo_Prefix.pch */,
				C33CD56320198EE400BAD39E /* Constants.h */,
			);
			path = PhotoSelect;
			sourceTree = "<group>";
		};
		C33CD53F20198C4200BAD39E /* PhotoSelectTests */ = {
			isa = PBXGroup;
			children = (
				C33CD54020198C4200BAD39E /* PhotoSelectTests.m */,
				C33CD54220198C4200BAD39E /* Info.plist */,
			);
			path = PhotoSelectTests;
			sourceTree = "<group>";
		};
		C33CD54A20198C4200BAD39E /* PhotoSelectUITests */ = {
			isa = PBXGroup;
			children = (
				C33CD54B20198C4200BAD39E /* PhotoSelectUITests.m */,
				C33CD54D20198C4200BAD39E /* Info.plist */,
			);
			path = PhotoSelectUITests;
			sourceTree = "<group>";
		};
		C33CD55B20198E7700BAD39E /* Extention */ = {
			isa = PBXGroup;
			children = (
				C33CD55C20198E7700BAD39E /* Category */,
			);
			path = Extention;
			sourceTree = "<group>";
		};
		C33CD55C20198E7700BAD39E /* Category */ = {
			isa = PBXGroup;
			children = (
				C33CD59A2019BB4900BAD39E /* UIAlertController+AutoHide.h */,
				C33CD59B2019BB4A00BAD39E /* UIAlertController+AutoHide.m */,
				C33CD55D20198E7700BAD39E /* UIImage+ImageWithColor.h */,
				C33CD55F20198E7700BAD39E /* UIImage+ImageWithColor.m */,
				C33CD56020198E7700BAD39E /* UINavigationBar+BackgroundColor.h */,
				C33CD55E20198E7700BAD39E /* UINavigationBar+BackgroundColor.m */,
			);
			path = Category;
			sourceTree = "<group>";
		};
		C33CD5652019A6B200BAD39E /* DWPhotoSelect */ = {
			isa = PBXGroup;
			children = (
				C33CD56E2019ABB400BAD39E /* Masonry */,
				C33CD5662019A6B200BAD39E /* Controller */,
				C33CD5672019A6B200BAD39E /* View */,
			);
			path = DWPhotoSelect;
			sourceTree = "<group>";
		};
		C33CD5662019A6B200BAD39E /* Controller */ = {
			isa = PBXGroup;
			children = (
				C33CD5682019A6D900BAD39E /* DWAlbumViewController.h */,
				C33CD5692019A6D900BAD39E /* DWAlbumViewController.m */,
				C33CD5942019B7E100BAD39E /* DWPhotoSelectViewController.h */,
				C33CD5952019B7E100BAD39E /* DWPhotoSelectViewController.m */,
				C33CD59D2019C61D00BAD39E /* DWPhotoDetailsViewController.h */,
				C33CD59E2019C61D00BAD39E /* DWPhotoDetailsViewController.m */,
				C33CD5A02019C69600BAD39E /* PhotoSelectCollectionViewFlowLayout.h */,
				C33CD5A12019C69700BAD39E /* PhotoSelectCollectionViewFlowLayout.m */,
			);
			path = Controller;
			sourceTree = "<group>";
		};
		C33CD5672019A6B200BAD39E /* View */ = {
			isa = PBXGroup;
			children = (
				C33CD56B2019A78700BAD39E /* AlbumTableViewCell.h */,
				C33CD56C2019A78700BAD39E /* AlbumTableViewCell.m */,
				C33CD5972019B86A00BAD39E /* PhotoSelectCollectionViewCell.h */,
				C33CD5982019B86A00BAD39E /* PhotoSelectCollectionViewCell.m */,
				C33CD5A42019C6E800BAD39E /* PhotoDetailCollectionViewCell.h */,
				C33CD5A32019C6E700BAD39E /* PhotoDetailCollectionViewCell.m */,
			);
			path = View;
			sourceTree = "<group>";
		};
		C33CD56E2019ABB400BAD39E /* Masonry */ = {
			isa = PBXGroup;
			children = (
				C33CD56F2019ABB400BAD39E /* MASCompositeConstraint.h */,
				C33CD5702019ABB400BAD39E /* NSLayoutConstraint+MASDebugAdditions.m */,
				C33CD5712019ABB400BAD39E /* MASConstraint+Private.h */,
				C33CD5722019ABB400BAD39E /* MASLayoutConstraint.h */,
				C33CD5732019ABB400BAD39E /* NSArray+MASShorthandAdditions.h */,
				C33CD5742019ABB400BAD39E /* MASConstraintMaker.h */,
				C33CD5752019ABB400BAD39E /* View+MASAdditions.h */,
				C33CD5762019ABB400BAD39E /* NSArray+MASAdditions.h */,
				C33CD5772019ABB400BAD39E /* MASUtilities.h */,
				C33CD5782019ABB400BAD39E /* MASViewAttribute.h */,
				C33CD5792019ABB400BAD39E /* ViewController+MASAdditions.m */,
				C33CD57A2019ABB400BAD39E /* MASViewConstraint.h */,
				C33CD57B2019ABB400BAD39E /* MASConstraint.h */,
				C33CD57C2019ABB400BAD39E /* NSLayoutConstraint+MASDebugAdditions.h */,
				C33CD57D2019ABB400BAD39E /* MASCompositeConstraint.m */,
				C33CD57E2019ABB400BAD39E /* MASConstraintMaker.m */,
				C33CD57F2019ABB400BAD39E /* MASLayoutConstraint.m */,
				C33CD5802019ABB400BAD39E /* NSArray+MASAdditions.m */,
				C33CD5812019ABB400BAD39E /* View+MASAdditions.m */,
				C33CD5822019ABB400BAD39E /* View+MASShorthandAdditions.h */,
				C33CD5832019ABB400BAD39E /* Masonry.h */,
				C33CD5842019ABB400BAD39E /* MASConstraint.m */,
				C33CD5852019ABB400BAD39E /* ViewController+MASAdditions.h */,
				C33CD5862019ABB400BAD39E /* MASViewConstraint.m */,
				C33CD5872019ABB400BAD39E /* MASViewAttribute.m */,
				C33CD5882019ABB400BAD39E /* Info.plist */,
			);
			path = Masonry;
			sourceTree = "<group>";
		};
/* End PBXGroup section */

/* Begin PBXNativeTarget section */
		C33CD52320198C4200BAD39E /* PhotoSelect */ = {
			isa = PBXNativeTarget;
			buildConfigurationList = C33CD55020198C4200BAD39E /* Build configuration list for PBXNativeTarget "PhotoSelect" */;
			buildPhases = (
				C33CD52020198C4200BAD39E /* Sources */,
				C33CD52120198C4200BAD39E /* Frameworks */,
				C33CD52220198C4200BAD39E /* Resources */,
			);
			buildRules = (
			);
			dependencies = (
			);
			name = PhotoSelect;
			productName = PhotoSelect;
			productReference = C33CD52420198C4200BAD39E /* PhotoSelect.app */;
			productType = "com.apple.product-type.application";
		};
		C33CD53B20198C4200BAD39E /* PhotoSelectTests */ = {
			isa = PBXNativeTarget;
			buildConfigurationList = C33CD55320198C4200BAD39E /* Build configuration list for PBXNativeTarget "PhotoSelectTests" */;
			buildPhases = (
				C33CD53820198C4200BAD39E /* Sources */,
				C33CD53920198C4200BAD39E /* Frameworks */,
				C33CD53A20198C4200BAD39E /* Resources */,
			);
			buildRules = (
			);
			dependencies = (
				C33CD53E20198C4200BAD39E /* PBXTargetDependency */,
			);
			name = PhotoSelectTests;
			productName = PhotoSelectTests;
			productReference = C33CD53C20198C4200BAD39E /* PhotoSelectTests.xctest */;
			productType = "com.apple.product-type.bundle.unit-test";
		};
		C33CD54620198C4200BAD39E /* PhotoSelectUITests */ = {
			isa = PBXNativeTarget;
			buildConfigurationList = C33CD55620198C4200BAD39E /* Build configuration list for PBXNativeTarget "PhotoSelectUITests" */;
			buildPhases = (
				C33CD54320198C4200BAD39E /* Sources */,
				C33CD54420198C4200BAD39E /* Frameworks */,
				C33CD54520198C4200BAD39E /* Resources */,
			);
			buildRules = (
			);
			dependencies = (
				C33CD54920198C4200BAD39E /* PBXTargetDependency */,
			);
			name = PhotoSelectUITests;
			productName = PhotoSelectUITests;
			productReference = C33CD54720198C4200BAD39E /* PhotoSelectUITests.xctest */;
			productType = "com.apple.product-type.bundle.ui-testing";
		};
/* End PBXNativeTarget section */

/* Begin PBXProject section */
		C33CD51C20198C4200BAD39E /* Project object */ = {
			isa = PBXProject;
			attributes = {
				LastUpgradeCheck = 0920;
				ORGANIZATIONNAME = mude;
				TargetAttributes = {
					C33CD52320198C4200BAD39E = {
						CreatedOnToolsVersion = 9.2;
						ProvisioningStyle = Automatic;
					};
					C33CD53B20198C4200BAD39E = {
						CreatedOnToolsVersion = 9.2;
						ProvisioningStyle = Automatic;
						TestTargetID = C33CD52320198C4200BAD39E;
					};
					C33CD54620198C4200BAD39E = {
						CreatedOnToolsVersion = 9.2;
						ProvisioningStyle = Automatic;
						TestTargetID = C33CD52320198C4200BAD39E;
					};
				};
			};
			buildConfigurationList = C33CD51F20198C4200BAD39E /* Build configuration list for PBXProject "PhotoSelect" */;
			compatibilityVersion = "Xcode 8.0";
			developmentRegion = en;
			hasScannedForEncodings = 0;
			knownRegions = (
				en,
				Base,
			);
			mainGroup = C33CD51B20198C4200BAD39E;
			productRefGroup = C33CD52520198C4200BAD39E /* Products */;
			projectDirPath = "";
			projectRoot = "";
			targets = (
				C33CD52320198C4200BAD39E /* PhotoSelect */,
				C33CD53B20198C4200BAD39E /* PhotoSelectTests */,
				C33CD54620198C4200BAD39E /* PhotoSelectUITests */,
			);
		};
/* End PBXProject section */

/* Begin PBXResourcesBuildPhase section */
		C33CD52220198C4200BAD39E /* Resources */ = {
			isa = PBXResourcesBuildPhase;
			buildActionMask = 2147483647;
			files = (
				C33CD5932019ABB400BAD39E /* Info.plist in Resources */,
				C33CD53120198C4200BAD39E /* Assets.xcassets in Resources */,
			);
			runOnlyForDeploymentPostprocessing = 0;
		};
		C33CD53A20198C4200BAD39E /* Resources */ = {
			isa = PBXResourcesBuildPhase;
			buildActionMask = 2147483647;
			files = (
			);
			runOnlyForDeploymentPostprocessing = 0;
		};
		C33CD54520198C4200BAD39E /* Resources */ = {
			isa = PBXResourcesBuildPhase;
			buildActionMask = 2147483647;
			files = (
			);
			runOnlyForDeploymentPostprocessing = 0;
		};
/* End PBXResourcesBuildPhase section */

/* Begin PBXSourcesBuildPhase section */
		C33CD52020198C4200BAD39E /* Sources */ = {
			isa = PBXSourcesBuildPhase;
			buildActionMask = 2147483647;
			files = (
				C33CD56220198E7700BAD39E /* UIImage+ImageWithColor.m in Sources */,
				C33CD52C20198C4200BAD39E /* ViewController.m in Sources */,
				C33CD58E2019ABB400BAD39E /* NSArray+MASAdditions.m in Sources */,
				C33CD5A22019C69700BAD39E /* PhotoSelectCollectionViewFlowLayout.m in Sources */,
				C33CD53720198C4200BAD39E /* main.m in Sources */,
				C33CD5922019ABB400BAD39E /* MASViewAttribute.m in Sources */,
				C33CD52920198C4200BAD39E /* AppDelegate.m in Sources */,
				C33CD58D2019ABB400BAD39E /* MASLayoutConstraint.m in Sources */,
				C33CD59F2019C61D00BAD39E /* DWPhotoDetailsViewController.m in Sources */,
				C33CD58F2019ABB400BAD39E /* View+MASAdditions.m in Sources */,
				C33CD5992019B86A00BAD39E /* PhotoSelectCollectionViewCell.m in Sources */,
				C33CD58B2019ABB400BAD39E /* MASCompositeConstraint.m in Sources */,
				C33CD56D2019A78700BAD39E /* AlbumTableViewCell.m in Sources */,
				C33CD58A2019ABB400BAD39E /* ViewController+MASAdditions.m in Sources */,
				C33CD5A52019C6E800BAD39E /* PhotoDetailCollectionViewCell.m in Sources */,
				C33CD56120198E7700BAD39E /* UINavigationBar+BackgroundColor.m in Sources */,
				C33CD5962019B7E100BAD39E /* DWPhotoSelectViewController.m in Sources */,
				C33CD56A2019A6D900BAD39E /* DWAlbumViewController.m in Sources */,
				C33CD58C2019ABB400BAD39E /* MASConstraintMaker.m in Sources */,
				C33CD5892019ABB400BAD39E /* NSLayoutConstraint+MASDebugAdditions.m in Sources */,
				C33CD5902019ABB400BAD39E /* MASConstraint.m in Sources */,
				C33CD5912019ABB400BAD39E /* MASViewConstraint.m in Sources */,
				C33CD59C2019BB4A00BAD39E /* UIAlertController+AutoHide.m in Sources */,
			);
			runOnlyForDeploymentPostprocessing = 0;
		};
		C33CD53820198C4200BAD39E /* Sources */ = {
			isa = PBXSourcesBuildPhase;
			buildActionMask = 2147483647;
			files = (
				C33CD54120198C4200BAD39E /* PhotoSelectTests.m in Sources */,
			);
			runOnlyForDeploymentPostprocessing = 0;
		};
		C33CD54320198C4200BAD39E /* Sources */ = {
			isa = PBXSourcesBuildPhase;
			buildActionMask = 2147483647;
			files = (
				C33CD54C20198C4200BAD39E /* PhotoSelectUITests.m in Sources */,
			);
			runOnlyForDeploymentPostprocessing = 0;
		};
/* End PBXSourcesBuildPhase section */

/* Begin PBXTargetDependency section */
		C33CD53E20198C4200BAD39E /* PBXTargetDependency */ = {
			isa = PBXTargetDependency;
			target = C33CD52320198C4200BAD39E /* PhotoSelect */;
			targetProxy = C33CD53D20198C4200BAD39E /* PBXContainerItemProxy */;
		};
		C33CD54920198C4200BAD39E /* PBXTargetDependency */ = {
			isa = PBXTargetDependency;
			target = C33CD52320198C4200BAD39E /* PhotoSelect */;
			targetProxy = C33CD54820198C4200BAD39E /* PBXContainerItemProxy */;
		};
/* End PBXTargetDependency section */

/* Begin XCBuildConfiguration section */
		C33CD54E20198C4200BAD39E /* Debug */ = {
			isa = XCBuildConfiguration;
			buildSettings = {
				ALWAYS_SEARCH_USER_PATHS = NO;
				CLANG_ANALYZER_NONNULL = YES;
				CLANG_ANALYZER_NUMBER_OBJECT_CONVERSION = YES_AGGRESSIVE;
				CLANG_CXX_LANGUAGE_STANDARD = "gnu++14";
				CLANG_CXX_LIBRARY = "libc++";
				CLANG_ENABLE_MODULES = YES;
				CLANG_ENABLE_OBJC_ARC = YES;
				CLANG_WARN_BLOCK_CAPTURE_AUTORELEASING = YES;
				CLANG_WARN_BOOL_CONVERSION = YES;
				CLANG_WARN_COMMA = YES;
				CLANG_WARN_CONSTANT_CONVERSION = YES;
				CLANG_WARN_DIRECT_OBJC_ISA_USAGE = YES_ERROR;
				CLANG_WARN_DOCUMENTATION_COMMENTS = YES;
				CLANG_WARN_EMPTY_BODY = YES;
				CLANG_WARN_ENUM_CONVERSION = YES;
				CLANG_WARN_INFINITE_RECURSION = YES;
				CLANG_WARN_INT_CONVERSION = YES;
				CLANG_WARN_NON_LITERAL_NULL_CONVERSION = YES;
				CLANG_WARN_OBJC_LITERAL_CONVERSION = YES;
				CLANG_WARN_OBJC_ROOT_CLASS = YES_ERROR;
				CLANG_WARN_RANGE_LOOP_ANALYSIS = YES;
				CLANG_WARN_STRICT_PROTOTYPES = YES;
				CLANG_WARN_SUSPICIOUS_MOVE = YES;
				CLANG_WARN_UNGUARDED_AVAILABILITY = YES_AGGRESSIVE;
				CLANG_WARN_UNREACHABLE_CODE = YES;
				CLANG_WARN__DUPLICATE_METHOD_MATCH = YES;
				CODE_SIGN_IDENTITY = "iPhone Developer";
				COPY_PHASE_STRIP = NO;
				DEBUG_INFORMATION_FORMAT = dwarf;
				ENABLE_STRICT_OBJC_MSGSEND = YES;
				ENABLE_TESTABILITY = YES;
				GCC_C_LANGUAGE_STANDARD = gnu11;
				GCC_DYNAMIC_NO_PIC = NO;
				GCC_NO_COMMON_BLOCKS = YES;
				GCC_OPTIMIZATION_LEVEL = 0;
				GCC_PREPROCESSOR_DEFINITIONS = (
					"DEBUG=1",
					"$(inherited)",
				);
				GCC_WARN_64_TO_32_BIT_CONVERSION = YES;
				GCC_WARN_ABOUT_RETURN_TYPE = YES_ERROR;
				GCC_WARN_UNDECLARED_SELECTOR = YES;
				GCC_WARN_UNINITIALIZED_AUTOS = YES_AGGRESSIVE;
				GCC_WARN_UNUSED_FUNCTION = YES;
				GCC_WARN_UNUSED_VARIABLE = YES;
				IPHONEOS_DEPLOYMENT_TARGET = 11.2;
				MTL_ENABLE_DEBUG_INFO = YES;
				ONLY_ACTIVE_ARCH = YES;
				SDKROOT = iphoneos;
			};
			name = Debug;
		};
		C33CD54F20198C4200BAD39E /* Release */ = {
			isa = XCBuildConfiguration;
			buildSettings = {
				ALWAYS_SEARCH_USER_PATHS = NO;
				CLANG_ANALYZER_NONNULL = YES;
				CLANG_ANALYZER_NUMBER_OBJECT_CONVERSION = YES_AGGRESSIVE;
				CLANG_CXX_LANGUAGE_STANDARD = "gnu++14";
				CLANG_CXX_LIBRARY = "libc++";
				CLANG_ENABLE_MODULES = YES;
				CLANG_ENABLE_OBJC_ARC = YES;
				CLANG_WARN_BLOCK_CAPTURE_AUTORELEASING = YES;
				CLANG_WARN_BOOL_CONVERSION = YES;
				CLANG_WARN_COMMA = YES;
				CLANG_WARN_CONSTANT_CONVERSION = YES;
				CLANG_WARN_DIRECT_OBJC_ISA_USAGE = YES_ERROR;
				CLANG_WARN_DOCUMENTATION_COMMENTS = YES;
				CLANG_WARN_EMPTY_BODY = YES;
				CLANG_WARN_ENUM_CONVERSION = YES;
				CLANG_WARN_INFINITE_RECURSION = YES;
				CLANG_WARN_INT_CONVERSION = YES;
				CLANG_WARN_NON_LITERAL_NULL_CONVERSION = YES;
				CLANG_WARN_OBJC_LITERAL_CONVERSION = YES;
				CLANG_WARN_OBJC_ROOT_CLASS = YES_ERROR;
				CLANG_WARN_RANGE_LOOP_ANALYSIS = YES;
				CLANG_WARN_STRICT_PROTOTYPES = YES;
				CLANG_WARN_SUSPICIOUS_MOVE = YES;
				CLANG_WARN_UNGUARDED_AVAILABILITY = YES_AGGRESSIVE;
				CLANG_WARN_UNREACHABLE_CODE = YES;
				CLANG_WARN__DUPLICATE_METHOD_MATCH = YES;
				CODE_SIGN_IDENTITY = "iPhone Developer";
				COPY_PHASE_STRIP = NO;
				DEBUG_INFORMATION_FORMAT = "dwarf-with-dsym";
				ENABLE_NS_ASSERTIONS = NO;
				ENABLE_STRICT_OBJC_MSGSEND = YES;
				GCC_C_LANGUAGE_STANDARD = gnu11;
				GCC_NO_COMMON_BLOCKS = YES;
				GCC_WARN_64_TO_32_BIT_CONVERSION = YES;
				GCC_WARN_ABOUT_RETURN_TYPE = YES_ERROR;
				GCC_WARN_UNDECLARED_SELECTOR = YES;
				GCC_WARN_UNINITIALIZED_AUTOS = YES_AGGRESSIVE;
				GCC_WARN_UNUSED_FUNCTION = YES;
				GCC_WARN_UNUSED_VARIABLE = YES;
				IPHONEOS_DEPLOYMENT_TARGET = 11.2;
				MTL_ENABLE_DEBUG_INFO = NO;
				SDKROOT = iphoneos;
				VALIDATE_PRODUCT = YES;
			};
			name = Release;
		};
		C33CD55120198C4200BAD39E /* Debug */ = {
			isa = XCBuildConfiguration;
			buildSettings = {
				ASSETCATALOG_COMPILER_APPICON_NAME = AppIcon;
				ASSETCATALOG_COMPILER_LAUNCHIMAGE_NAME = "Brand Assets";
				CODE_SIGN_STYLE = Automatic;
				DEVELOPMENT_TEAM = ED7MB6N8JF;
				GCC_PREFIX_HEADER = /Users/DWmude/PhotosSelect/PhotoSelect/PhotoSelect/demo_Prefix.pch;
				INFOPLIST_FILE = PhotoSelect/Info.plist;
				LD_RUNPATH_SEARCH_PATHS = "$(inherited) @executable_path/Frameworks";
				PRODUCT_BUNDLE_IDENTIFIER = cn.com.mude.PhotoSelect;
				PRODUCT_NAME = "$(TARGET_NAME)";
				TARGETED_DEVICE_FAMILY = "1,2";
			};
			name = Debug;
		};
		C33CD55220198C4200BAD39E /* Release */ = {
			isa = XCBuildConfiguration;
			buildSettings = {
				ASSETCATALOG_COMPILER_APPICON_NAME = AppIcon;
				ASSETCATALOG_COMPILER_LAUNCHIMAGE_NAME = "Brand Assets";
				CODE_SIGN_STYLE = Automatic;
				DEVELOPMENT_TEAM = ED7MB6N8JF;
				GCC_PREFIX_HEADER = /Users/DWmude/PhotosSelect/PhotoSelect/PhotoSelect/demo_Prefix.pch;
				INFOPLIST_FILE = PhotoSelect/Info.plist;
				LD_RUNPATH_SEARCH_PATHS = "$(inherited) @executable_path/Frameworks";
				PRODUCT_BUNDLE_IDENTIFIER = cn.com.mude.PhotoSelect;
				PRODUCT_NAME = "$(TARGET_NAME)";
				TARGETED_DEVICE_FAMILY = "1,2";
			};
			name = Release;
		};
		C33CD55420198C4200BAD39E /* Debug */ = {
			isa = XCBuildConfiguration;
			buildSettings = {
				BUNDLE_LOADER = "$(TEST_HOST)";
				CODE_SIGN_STYLE = Automatic;
				DEVELOPMENT_TEAM = ED7MB6N8JF;
				INFOPLIST_FILE = PhotoSelectTests/Info.plist;
				LD_RUNPATH_SEARCH_PATHS = "$(inherited) @executable_path/Frameworks @loader_path/Frameworks";
				PRODUCT_BUNDLE_IDENTIFIER = cn.com.mude.PhotoSelectTests;
				PRODUCT_NAME = "$(TARGET_NAME)";
				TARGETED_DEVICE_FAMILY = "1,2";
				TEST_HOST = "$(BUILT_PRODUCTS_DIR)/PhotoSelect.app/PhotoSelect";
			};
			name = Debug;
		};
		C33CD55520198C4200BAD39E /* Release */ = {
			isa = XCBuildConfiguration;
			buildSettings = {
				BUNDLE_LOADER = "$(TEST_HOST)";
				CODE_SIGN_STYLE = Automatic;
				DEVELOPMENT_TEAM = ED7MB6N8JF;
				INFOPLIST_FILE = PhotoSelectTests/Info.plist;
				LD_RUNPATH_SEARCH_PATHS = "$(inherited) @executable_path/Frameworks @loader_path/Frameworks";
				PRODUCT_BUNDLE_IDENTIFIER = cn.com.mude.PhotoSelectTests;
				PRODUCT_NAME = "$(TARGET_NAME)";
				TARGETED_DEVICE_FAMILY = "1,2";
				TEST_HOST = "$(BUILT_PRODUCTS_DIR)/PhotoSelect.app/PhotoSelect";
			};
			name = Release;
		};
		C33CD55720198C4200BAD39E /* Debug */ = {
			isa = XCBuildConfiguration;
			buildSettings = {
				CODE_SIGN_STYLE = Automatic;
				DEVELOPMENT_TEAM = ED7MB6N8JF;
				INFOPLIST_FILE = PhotoSelectUITests/Info.plist;
				LD_RUNPATH_SEARCH_PATHS = "$(inherited) @executable_path/Frameworks @loader_path/Frameworks";
				PRODUCT_BUNDLE_IDENTIFIER = cn.com.mude.PhotoSelectUITests;
				PRODUCT_NAME = "$(TARGET_NAME)";
				TARGETED_DEVICE_FAMILY = "1,2";
				TEST_TARGET_NAME = PhotoSelect;
			};
			name = Debug;
		};
		C33CD55820198C4200BAD39E /* Release */ = {
			isa = XCBuildConfiguration;
			buildSettings = {
				CODE_SIGN_STYLE = Automatic;
				DEVELOPMENT_TEAM = ED7MB6N8JF;
				INFOPLIST_FILE = PhotoSelectUITests/Info.plist;
				LD_RUNPATH_SEARCH_PATHS = "$(inherited) @executable_path/Frameworks @loader_path/Frameworks";
				PRODUCT_BUNDLE_IDENTIFIER = cn.com.mude.PhotoSelectUITests;
				PRODUCT_NAME = "$(TARGET_NAME)";
				TARGETED_DEVICE_FAMILY = "1,2";
				TEST_TARGET_NAME = PhotoSelect;
			};
			name = Release;
		};
/* End XCBuildConfiguration section */

/* Begin XCConfigurationList section */
		C33CD51F20198C4200BAD39E /* Build configuration list for PBXProject "PhotoSelect" */ = {
			isa = XCConfigurationList;
			buildConfigurations = (
				C33CD54E20198C4200BAD39E /* Debug */,
				C33CD54F20198C4200BAD39E /* Release */,
			);
			defaultConfigurationIsVisible = 0;
			defaultConfigurationName = Release;
		};
		C33CD55020198C4200BAD39E /* Build configuration list for PBXNativeTarget "PhotoSelect" */ = {
			isa = XCConfigurationList;
			buildConfigurations = (
				C33CD55120198C4200BAD39E /* Debug */,
				C33CD55220198C4200BAD39E /* Release */,
			);
			defaultConfigurationIsVisible = 0;
			defaultConfigurationName = Release;
		};
		C33CD55320198C4200BAD39E /* Build configuration list for PBXNativeTarget "PhotoSelectTests" */ = {
			isa = XCConfigurationList;
			buildConfigurations = (
				C33CD55420198C4200BAD39E /* Debug */,
				C33CD55520198C4200BAD39E /* Release */,
			);
			defaultConfigurationIsVisible = 0;
			defaultConfigurationName = Release;
		};
		C33CD55620198C4200BAD39E /* Build configuration list for PBXNativeTarget "PhotoSelectUITests" */ = {
			isa = XCConfigurationList;
			buildConfigurations = (
				C33CD55720198C4200BAD39E /* Debug */,
				C33CD55820198C4200BAD39E /* Release */,
			);
			defaultConfigurationIsVisible = 0;
			defaultConfigurationName = Release;
		};
/* End XCConfigurationList section */
	};
	rootObject = C33CD51C20198C4200BAD39E /* Project object */;
}
